
Microsoft Visual Studio Solution File, Format Version 12.00
# Visual Studio Version 17
VisualStudioVersion = 17.4.33122.133
MinimumVisualStudioVersion = 10.0.40219.1
Project("{FAE04EC0-301F-11D3-BF4B-00C04F79EFBC}") = "puush", "puush.csproj", "{DAB92AE6-F7B2-4598-BF99-CB825B579EB3}"
EndProject
Global
	GlobalSection(SolutionConfigurationPlatforms) = preSolution
		Debug|x64 = Debug|x64
		Release|x64 = Release|x64
	EndGlobalSection
	GlobalSection(ProjectConfigurationPlatforms) = postSolution
		{DAB92AE6-F7B2-4598-BF99-CB825B579EB3}.Debug|x64.ActiveCfg = Debug|x64
		{DAB92AE6-F7B2-4598-BF99-CB825B579EB3}.Debug|x64.Build.0 = Debug|x64
		{DAB92AE6-F7B2-4598-BF99-CB825B579EB3}.Release|x64.ActiveCfg = Release|x64
		{DAB92AE6-F7B2-4598-BF99-CB825B579EB3}.Release|x64.Build.0 = Release|x64
	EndGlobalSection
	GlobalSection(SolutionProperties) = preSolution
		HideSolutionNode = FALSE
	EndGlobalSection
	GlobalSection(ExtensibilityGlobals) = postSolution
		SolutionGuid = {366C28D8-EF75-4F5F-81F5-77A6E58C2E3E}
	EndGlobalSection
EndGlobal
